
Microsoft Visual Studio Solution File, Format Version 12.00
# Visual Studio Version 16
VisualStudioVersion = 16.0.28729.10
MinimumVisualStudioVersion = 10.0.40219.1
Project("{FAE04EC0-301F-11D3-BF4B-00C04F79EFBC}") = "Home", "Home\Home.csproj", "{D49B44DD-09A0-4064-8370-5E4115B6D5C9}"
EndProject
Global
	GlobalSection(SolutionConfigurationPlatforms) = preSolution
		Debug|Any CPU = Debug|Any CPU
		Release|Any CPU = Release|Any CPU
	EndGlobalSection
	GlobalSection(ProjectConfigurationPlatforms) = postSolution
		{D49B44DD-09A0-4064-8370-5E4115B6D5C9}.Debug|Any CPU.ActiveCfg = Debug|Any CPU
		{D49B44DD-09A0-4064-8370-5E4115B6D5C9}.Debug|Any CPU.Build.0 = Debug|Any CPU
		{D49B44DD-09A0-4064-8370-5E4115B6D5C9}.Release|Any CPU.ActiveCfg = Release|Any CPU
		{D49B44DD-09A0-4064-8370-5E4115B6D5C9}.Release|Any CPU.Build.0 = Release|Any CPU
	EndGlobalSection
	GlobalSection(SolutionProperties) = preSolution
		HideSolutionNode = FALSE
	EndGlobalSection
	GlobalSection(ExtensibilityGlobals) = postSolution
		SolutionGuid = {545C1289-2025-4CA2-857F-B1BF37E3AF92}
	EndGlobalSection
EndGlobal
